lockfileVersion: '9.0'

settings:
  autoInstallPeers: true
  excludeLinksFromLockfile: false

importers:

  .:
    dependencies:
      format-message:
        specifier: ^6.2.4
        version: 6.2.4

packages:

  format-message-formats@6.2.4:
    resolution: {integrity: sha512-smT/fAqBLqusWfWCKRAx6QBDAAbmYznWsIyTyk66COmvwt2Byiqd7SJe2ma9a5oV0kwRaOJpN/F4lr4YK/n6qQ==}

  format-message-interpret@6.2.4:
    resolution: {integrity: sha512-dRvz9mXhITApyOtfuFEb/XqvCe1u6RMkQW49UJHXS8w2S8cAHCqq5LNDFK+QK6XVzcofROycLb/k1uybTAKt2w==}

  format-message-parse@6.2.4:
    resolution: {integrity: sha512-k7WqXkEzgXkW4wkHdS6Cv2Ou0rIFtiDelZjgoe1saW4p7FT7zS8OeAUpAekhormqzpeecR97e4vBft1zMsfFOQ==}

  format-message@6.2.4:
    resolution: {integrity: sha512-/24zYeSRy2ZlEO2OIctm7jOHvMpoWf+uhqFCaqqyZKi1C229zAAy2E5vF4lSSaMH0a2kewPrOzq6xN4Yy7cQrw==}

  lookup-closest-locale@6.2.0:
    resolution: {integrity: sha512-/c2kL+Vnp1jnV6K6RpDTHK3dgg0Tu2VVp+elEiJpjfS1UyY7AjOYHohRug6wT0OpoX2qFgNORndE9RqesfVxWQ==}

snapshots:

  format-message-formats@6.2.4: {}

  format-message-interpret@6.2.4:
    dependencies:
      format-message-formats: 6.2.4
      lookup-closest-locale: 6.2.0

  format-message-parse@6.2.4: {}

  format-message@6.2.4:
    dependencies:
      format-message-formats: 6.2.4
      format-message-interpret: 6.2.4
      format-message-parse: 6.2.4
      lookup-closest-locale: 6.2.0

  lookup-closest-locale@6.2.0: {}
